
Microsoft Visual Studio Solution File, Format Version 12.00
# Visual Studio Version 16
VisualStudioVersion = 16.0.31911.196
MinimumVisualStudioVersion = 10.0.40219.1
Project("{FAE04EC0-301F-11D3-BF4B-00C04F79EFBC}") = "ToysAndGames.API", "ToysAndGames.API\ToysAndGames.API.csproj", "{536BBD63-CC64-482E-BF27-C36DDAB77FEA}"
EndProject
Project("{FAE04EC0-301F-11D3-BF4B-00C04F79EFBC}") = "ToysAndGames.Data", "ToysAndGames.Data\ToysAndGames.Data.csproj", "{0FF36A99-EBBA-4C76-BB61-A3E8512035EF}"
EndProject
Project("{FAE04EC0-301F-11D3-BF4B-00C04F79EFBC}") = "ToysAndGames.DTOs", "ToysAndGames.DTOs\ToysAndGames.DTOs.csproj", "{3AEE5DA6-9B40-492C-8442-AA9D4EC5E987}"
EndProject
Project("{FAE04EC0-301F-11D3-BF4B-00C04F79EFBC}") = "ToysAndGames.Services", "ToysAndGames.Services\ToysAndGames.Services.csproj", "{E90B29DB-AA3F-4F4A-A1AF-8BA31828736E}"
EndProject
Global
	GlobalSection(SolutionConfigurationPlatforms) = preSolution
		Debug|Any CPU = Debug|Any CPU
		Release|Any CPU = Release|Any CPU
	EndGlobalSection
	GlobalSection(ProjectConfigurationPlatforms) = postSolution
		{536BBD63-CC64-482E-BF27-C36DDAB77FEA}.Debug|Any CPU.ActiveCfg = Debug|Any CPU
		{536BBD63-CC64-482E-BF27-C36DDAB77FEA}.Debug|Any CPU.Build.0 = Debug|Any CPU
		{536BBD63-CC64-482E-BF27-C36DDAB77FEA}.Release|Any CPU.ActiveCfg = Release|Any CPU
		{536BBD63-CC64-482E-BF27-C36DDAB77FEA}.Release|Any CPU.Build.0 = Release|Any CPU
		{0FF36A99-EBBA-4C76-BB61-A3E8512035EF}.Debug|Any CPU.ActiveCfg = Debug|Any CPU
		{0FF36A99-EBBA-4C76-BB61-A3E8512035EF}.Debug|Any CPU.Build.0 = Debug|Any CPU
		{0FF36A99-EBBA-4C76-BB61-A3E8512035EF}.Release|Any CPU.ActiveCfg = Release|Any CPU
		{0FF36A99-EBBA-4C76-BB61-A3E8512035EF}.Release|Any CPU.Build.0 = Release|Any CPU
		{3AEE5DA6-9B40-492C-8442-AA9D4EC5E987}.Debug|Any CPU.ActiveCfg = Debug|Any CPU
		{3AEE5DA6-9B40-492C-8442-AA9D4EC5E987}.Debug|Any CPU.Build.0 = Debug|Any CPU
		{3AEE5DA6-9B40-492C-8442-AA9D4EC5E987}.Release|Any CPU.ActiveCfg = Release|Any CPU
		{3AEE5DA6-9B40-492C-8442-AA9D4EC5E987}.Release|Any CPU.Build.0 = Release|Any CPU
		{E90B29DB-AA3F-4F4A-A1AF-8BA31828736E}.Debug|Any CPU.ActiveCfg = Debug|Any CPU
		{E90B29DB-AA3F-4F4A-A1AF-8BA31828736E}.Debug|Any CPU.Build.0 = Debug|Any CPU
		{E90B29DB-AA3F-4F4A-A1AF-8BA31828736E}.Release|Any CPU.ActiveCfg = Release|Any CPU
		{E90B29DB-AA3F-4F4A-A1AF-8BA31828736E}.Release|Any CPU.Build.0 = Release|Any CPU
	EndGlobalSection
	GlobalSection(SolutionProperties) = preSolution
		HideSolutionNode = FALSE
	EndGlobalSection
	GlobalSection(ExtensibilityGlobals) = postSolution
		SolutionGuid = {57A41BB0-4B08-4314-9E66-100EE0C2F61C}
	EndGlobalSection
EndGlobal
